// !$*UTF8*$!
{
	archiveVersion = 1;
	classes = {
	};
	objectVersion = 56;
	objects = {

/* Begin PBXBuildFile section */
		A7A930D7299D14F700FCCF09 /* MyMovieDBApp.swift in Sources */ = {isa = PBXBuildFile; fileRef = A7A930D6299D14F700FCCF09 /* MyMovieDBApp.swift */; };
		A7A930D9299D14F700FCCF09 /* ContentView.swift in Sources */ = {isa = PBXBuildFile; fileRef = A7A930D8299D14F700FCCF09 /* ContentView.swift */; };
		A7A930DB299D14F700FCCF09 /* Assets.xcassets in Resources */ = {isa = PBXBuildFile; fileRef = A7A930DA299D14F700FCCF09 /* Assets.xcassets */; };
		A7A930DE299D14F700FCCF09 /* Preview Assets.xcassets in Resources */ = {isa = PBXBuildFile; fileRef = A7A930DD299D14F700FCCF09 /* Preview Assets.xcassets */; };
		A7A930E5299D15F000FCCF09 /* MovieCell.swift in Sources */ = {isa = PBXBuildFile; fileRef = A7A930E4299D15F000FCCF09 /* MovieCell.swift */; };
		A7A930E8299D181C00FCCF09 /* Kingfisher in Frameworks */ = {isa = PBXBuildFile; productRef = A7A930E7299D181C00FCCF09 /* Kingfisher */; };
		A7A930EA299D1E7400FCCF09 /* CircleProgressBar.swift in Sources */ = {isa = PBXBuildFile; fileRef = A7A930E9299D1E7400FCCF09 /* CircleProgressBar.swift */; };
		A7A930EC299D3F8500FCCF09 /* ActorCell.swift in Sources */ = {isa = PBXBuildFile; fileRef = A7A930EB299D3F8500FCCF09 /* ActorCell.swift */; };
		A7A930EE299D42AF00FCCF09 /* SeasonCell.swift in Sources */ = {isa = PBXBuildFile; fileRef = A7A930ED299D42AF00FCCF09 /* SeasonCell.swift */; };
		A7A930F0299D48A000FCCF09 /* MovieDetailHeaderView.swift in Sources */ = {isa = PBXBuildFile; fileRef = A7A930EF299D48A000FCCF09 /* MovieDetailHeaderView.swift */; };
		A7A930F2299E11D900FCCF09 /* MovieCellViewModel.swift in Sources */ = {isa = PBXBuildFile; fileRef = A7A930F1299E11D900FCCF09 /* MovieCellViewModel.swift */; };
		A7A930F6299E187000FCCF09 /* ActorCellViewModel.swift in Sources */ = {isa = PBXBuildFile; fileRef = A7A930F5299E187000FCCF09 /* ActorCellViewModel.swift */; };
		A7A930F8299E19BE00FCCF09 /* SeasonCellViewModel.swift in Sources */ = {isa = PBXBuildFile; fileRef = A7A930F7299E19BE00FCCF09 /* SeasonCellViewModel.swift */; };
		A7A930FA299E1AB500FCCF09 /* MovieDetailHeaderViewModel.swift in Sources */ = {isa = PBXBuildFile; fileRef = A7A930F9299E1AB500FCCF09 /* MovieDetailHeaderViewModel.swift */; };
		A7A930FF299E252B00FCCF09 /* Actor.swift in Sources */ = {isa = PBXBuildFile; fileRef = A7A930FE299E252B00FCCF09 /* Actor.swift */; };
		A7A93101299E270A00FCCF09 /* Season.swift in Sources */ = {isa = PBXBuildFile; fileRef = A7A93100299E270A00FCCF09 /* Season.swift */; };
		A7A93103299E277000FCCF09 /* Serie.swift in Sources */ = {isa = PBXBuildFile; fileRef = A7A93102299E277000FCCF09 /* Serie.swift */; };
/* End PBXBuildFile section */

/* Begin PBXFileReference section */
		A7A930D3299D14F600FCCF09 /* MyMovieDB.app */ = {isa = PBXFileReference; explicitFileType = wrapper.application; includeInIndex = 0; path = MyMovieDB.app; sourceTree = BUILT_PRODUCTS_DIR; };
		A7A930D6299D14F700FCCF09 /* MyMovieDBApp.swift */ = {isa = PBXFileReference; lastKnownFileType = sourcecode.swift; path = MyMovieDBApp.swift; sourceTree = "<group>"; };
		A7A930D8299D14F700FCCF09 /* ContentView.swift */ = {isa = PBXFileReference; lastKnownFileType = sourcecode.swift; path = ContentView.swift; sourceTree = "<group>"; };
		A7A930DA299D14F700FCCF09 /* Assets.xcassets */ = {isa = PBXFileReference; lastKnownFileType = folder.assetcatalog; path = Assets.xcassets; sourceTree = "<group>"; };
		A7A930DD299D14F700FCCF09 /* Preview Assets.xcassets */ = {isa = PBXFileReference; lastKnownFileType = folder.assetcatalog; path = "Preview Assets.xcassets"; sourceTree = "<group>"; };
		A7A930E4299D15F000FCCF09 /* MovieCell.swift */ = {isa = PBXFileReference; lastKnownFileType = sourcecode.swift; path = MovieCell.swift; sourceTree = "<group>"; };
		A7A930E9299D1E7400FCCF09 /* CircleProgressBar.swift */ = {isa = PBXFileReference; lastKnownFileType = sourcecode.swift; path = CircleProgressBar.swift; sourceTree = "<group>"; };
		A7A930EB299D3F8500FCCF09 /* ActorCell.swift */ = {isa = PBXFileReference; lastKnownFileType = sourcecode.swift; path = ActorCell.swift; sourceTree = "<group>"; };
		A7A930ED299D42AF00FCCF09 /* SeasonCell.swift */ = {isa = PBXFileReference; lastKnownFileType = sourcecode.swift; path = SeasonCell.swift; sourceTree = "<group>"; };
		A7A930EF299D48A000FCCF09 /* MovieDetailHeaderView.swift */ = {isa = PBXFileReference; lastKnownFileType = sourcecode.swift; path = MovieDetailHeaderView.swift; sourceTree = "<group>"; };
		A7A930F1299E11D900FCCF09 /* MovieCellViewModel.swift */ = {isa = PBXFileReference; lastKnownFileType = sourcecode.swift; path = MovieCellViewModel.swift; sourceTree = "<group>"; };
		A7A930F5299E187000FCCF09 /* ActorCellViewModel.swift */ = {isa = PBXFileReference; lastKnownFileType = sourcecode.swift; path = ActorCellViewModel.swift; sourceTree = "<group>"; };
		A7A930F7299E19BE00FCCF09 /* SeasonCellViewModel.swift */ = {isa = PBXFileReference; lastKnownFileType = sourcecode.swift; path = SeasonCellViewModel.swift; sourceTree = "<group>"; };
		A7A930F9299E1AB500FCCF09 /* MovieDetailHeaderViewModel.swift */ = {isa = PBXFileReference; lastKnownFileType = sourcecode.swift; path = MovieDetailHeaderViewModel.swift; sourceTree = "<group>"; };
		A7A930FE299E252B00FCCF09 /* Actor.swift */ = {isa = PBXFileReference; lastKnownFileType = sourcecode.swift; path = Actor.swift; sourceTree = "<group>"; };
		A7A93100299E270A00FCCF09 /* Season.swift */ = {isa = PBXFileReference; lastKnownFileType = sourcecode.swift; path = Season.swift; sourceTree = "<group>"; };
		A7A93102299E277000FCCF09 /* Serie.swift */ = {isa = PBXFileReference; lastKnownFileType = sourcecode.swift; path = Serie.swift; sourceTree = "<group>"; };
/* End PBXFileReference section */

/* Begin PBXFrameworksBuildPhase section */
		A7A930D0299D14F600FCCF09 /* Frameworks */ = {
			isa = PBXFrameworksBuildPhase;
			buildActionMask = 2147483647;
			files = (
				A7A930E8299D181C00FCCF09 /* Kingfisher in Frameworks */,
			);
			runOnlyForDeploymentPostprocessing = 0;
		};
/* End PBXFrameworksBuildPhase section */

/* Begin PBXGroup section */
		A7A930CA299D14F600FCCF09 = {
			isa = PBXGroup;
			children = (
				A7A930D5299D14F600FCCF09 /* MyMovieDB */,
				A7A930D4299D14F600FCCF09 /* Products */,
			);
			sourceTree = "<group>";
		};
		A7A930D4299D14F600FCCF09 /* Products */ = {
			isa = PBXGroup;
			children = (
				A7A930D3299D14F600FCCF09 /* MyMovieDB.app */,
			);
			name = Products;
			sourceTree = "<group>";
		};
		A7A930D5299D14F600FCCF09 /* MyMovieDB */ = {
			isa = PBXGroup;
			children = (
				A7A930D6299D14F700FCCF09 /* MyMovieDBApp.swift */,
				A7A930D8299D14F700FCCF09 /* ContentView.swift */,
				A7A930DA299D14F700FCCF09 /* Assets.xcassets */,
				A7A930DC299D14F700FCCF09 /* Preview Content */,
				A7A930FD299E250E00FCCF09 /* Models */,
				A7A930FB299E1BEF00FCCF09 /* Views */,
				A7A930FC299E1C0000FCCF09 /* ViewModels */,
			);
			path = MyMovieDB;
			sourceTree = "<group>";
		};
		A7A930DC299D14F700FCCF09 /* Preview Content */ = {
			isa = PBXGroup;
			children = (
				A7A930DD299D14F700FCCF09 /* Preview Assets.xcassets */,
			);
			path = "Preview Content";
			sourceTree = "<group>";
		};
		A7A930FB299E1BEF00FCCF09 /* Views */ = {
			isa = PBXGroup;
			children = (
				A7A930E4299D15F000FCCF09 /* MovieCell.swift */,
				A7A930EF299D48A000FCCF09 /* MovieDetailHeaderView.swift */,
				A7A930E9299D1E7400FCCF09 /* CircleProgressBar.swift */,
				A7A930ED299D42AF00FCCF09 /* SeasonCell.swift */,
				A7A930EB299D3F8500FCCF09 /* ActorCell.swift */,
			);
			path = Views;
			sourceTree = "<group>";
		};
		A7A930FC299E1C0000FCCF09 /* ViewModels */ = {
			isa = PBXGroup;
			children = (
				A7A930F1299E11D900FCCF09 /* MovieCellViewModel.swift */,
				A7A930F9299E1AB500FCCF09 /* MovieDetailHeaderViewModel.swift */,
				A7A930F5299E187000FCCF09 /* ActorCellViewModel.swift */,
				A7A930F7299E19BE00FCCF09 /* SeasonCellViewModel.swift */,
			);
			path = ViewModels;
			sourceTree = "<group>";
		};
		A7A930FD299E250E00FCCF09 /* Models */ = {
			isa = PBXGroup;
			children = (
				A7A930FE299E252B00FCCF09 /* Actor.swift */,
				A7A93100299E270A00FCCF09 /* Season.swift */,
				A7A93102299E277000FCCF09 /* Serie.swift */,
			);
			path = Models;
			sourceTree = "<group>";
		};
/* End PBXGroup section */

/* Begin PBXNativeTarget section */
		A7A930D2299D14F600FCCF09 /* MyMovieDB */ = {
			isa = PBXNativeTarget;
			buildConfigurationList = A7A930E1299D14F700FCCF09 /* Build configuration list for PBXNativeTarget "MyMovieDB" */;
			buildPhases = (
				A7A930CF299D14F600FCCF09 /* Sources */,
				A7A930D0299D14F600FCCF09 /* Frameworks */,
				A7A930D1299D14F600FCCF09 /* Resources */,
			);
			buildRules = (
			);
			dependencies = (
			);
			name = MyMovieDB;
			packageProductDependencies = (
				A7A930E7299D181C00FCCF09 /* Kingfisher */,
			);
			productName = MyMovieDB;
			productReference = A7A930D3299D14F600FCCF09 /* MyMovieDB.app */;
			productType = "com.apple.product-type.application";
		};
/* End PBXNativeTarget section */

/* Begin PBXProject section */
		A7A930CB299D14F600FCCF09 /* Project object */ = {
			isa = PBXProject;
			attributes = {
				BuildIndependentTargetsInParallel = 1;
				LastSwiftUpdateCheck = 1420;
				LastUpgradeCheck = 1420;
				TargetAttributes = {
					A7A930D2299D14F600FCCF09 = {
						CreatedOnToolsVersion = 14.2;
					};
				};
			};
			buildConfigurationList = A7A930CE299D14F600FCCF09 /* Build configuration list for PBXProject "MyMovieDB" */;
			compatibilityVersion = "Xcode 14.0";
			developmentRegion = en;
			hasScannedForEncodings = 0;
			knownRegions = (
				en,
				Base,
			);
			mainGroup = A7A930CA299D14F600FCCF09;
			packageReferences = (
				A7A930E6299D181C00FCCF09 /* XCRemoteSwiftPackageReference "Kingfisher" */,
			);
			productRefGroup = A7A930D4299D14F600FCCF09 /* Products */;
			projectDirPath = "";
			projectRoot = "";
			targets = (
				A7A930D2299D14F600FCCF09 /* MyMovieDB */,
			);
		};
/* End PBXProject section */

/* Begin PBXResourcesBuildPhase section */
		A7A930D1299D14F600FCCF09 /* Resources */ = {
			isa = PBXResourcesBuildPhase;
			buildActionMask = 2147483647;
			files = (
				A7A930DE299D14F700FCCF09 /* Preview Assets.xcassets in Resources */,
				A7A930DB299D14F700FCCF09 /* Assets.xcassets in Resources */,
			);
			runOnlyForDeploymentPostprocessing = 0;
		};
/* End PBXResourcesBuildPhase section */

/* Begin PBXSourcesBuildPhase section */
		A7A930CF299D14F600FCCF09 /* Sources */ = {
			isa = PBXSourcesBuildPhase;
			buildActionMask = 2147483647;
			files = (
				A7A930D9299D14F700FCCF09 /* ContentView.swift in Sources */,
				A7A930D7299D14F700FCCF09 /* MyMovieDBApp.swift in Sources */,
				A7A930F0299D48A000FCCF09 /* MovieDetailHeaderView.swift in Sources */,
				A7A930FF299E252B00FCCF09 /* Actor.swift in Sources */,
				A7A93103299E277000FCCF09 /* Serie.swift in Sources */,
				A7A930EA299D1E7400FCCF09 /* CircleProgressBar.swift in Sources */,
				A7A930EE299D42AF00FCCF09 /* SeasonCell.swift in Sources */,
				A7A930FA299E1AB500FCCF09 /* MovieDetailHeaderViewModel.swift in Sources */,
				A7A930F6299E187000FCCF09 /* ActorCellViewModel.swift in Sources */,
				A7A93101299E270A00FCCF09 /* Season.swift in Sources */,
				A7A930EC299D3F8500FCCF09 /* ActorCell.swift in Sources */,
				A7A930F8299E19BE00FCCF09 /* SeasonCellViewModel.swift in Sources */,
				A7A930E5299D15F000FCCF09 /* MovieCell.swift in Sources */,
				A7A930F2299E11D900FCCF09 /* MovieCellViewModel.swift in Sources */,
			);
			runOnlyForDeploymentPostprocessing = 0;
		};
/* End PBXSourcesBuildPhase section */

/* Begin XCBuildConfiguration section */
		A7A930DF299D14F700FCCF09 /* Debug */ = {
			isa = XCBuildConfiguration;
			buildSettings = {
				ALWAYS_SEARCH_USER_PATHS = NO;
				CLANG_ANALYZER_NONNULL = YES;
				CLANG_ANALYZER_NUMBER_OBJECT_CONVERSION = YES_AGGRESSIVE;
				CLANG_CXX_LANGUAGE_STANDARD = "gnu++20";
				CLANG_ENABLE_MODULES = YES;
				CLANG_ENABLE_OBJC_ARC = YES;
				CLANG_ENABLE_OBJC_WEAK = YES;
				CLANG_WARN_BLOCK_CAPTURE_AUTORELEASING = YES;
				CLANG_WARN_BOOL_CONVERSION = YES;
				CLANG_WARN_COMMA = YES;
				CLANG_WARN_CONSTANT_CONVERSION = YES;
				CLANG_WARN_DEPRECATED_OBJC_IMPLEMENTATIONS = YES;
				CLANG_WARN_DIRECT_OBJC_ISA_USAGE = YES_ERROR;
				CLANG_WARN_DOCUMENTATION_COMMENTS = YES;
				CLANG_WARN_EMPTY_BODY = YES;
				CLANG_WARN_ENUM_CONVERSION = YES;
				CLANG_WARN_INFINITE_RECURSION = YES;
				CLANG_WARN_INT_CONVERSION = YES;
				CLANG_WARN_NON_LITERAL_NULL_CONVERSION = YES;
				CLANG_WARN_OBJC_IMPLICIT_RETAIN_SELF = YES;
				CLANG_WARN_OBJC_LITERAL_CONVERSION = YES;
				CLANG_WARN_OBJC_ROOT_CLASS = YES_ERROR;
				CLANG_WARN_QUOTED_INCLUDE_IN_FRAMEWORK_HEADER = YES;
				CLANG_WARN_RANGE_LOOP_ANALYSIS = YES;
				CLANG_WARN_STRICT_PROTOTYPES = YES;
				CLANG_WARN_SUSPICIOUS_MOVE = YES;
				CLANG_WARN_UNGUARDED_AVAILABILITY = YES_AGGRESSIVE;
				CLANG_WARN_UNREACHABLE_CODE = YES;
				CLANG_WARN__DUPLICATE_METHOD_MATCH = YES;
				COPY_PHASE_STRIP = NO;
				DEBUG_INFORMATION_FORMAT = dwarf;
				ENABLE_STRICT_OBJC_MSGSEND = YES;
				ENABLE_TESTABILITY = YES;
				GCC_C_LANGUAGE_STANDARD = gnu11;
				GCC_DYNAMIC_NO_PIC = NO;
				GCC_NO_COMMON_BLOCKS = YES;
				GCC_OPTIMIZATION_LEVEL = 0;
				GCC_PREPROCESSOR_DEFINITIONS = (
					"DEBUG=1",
					"$(inherited)",
				);
				GCC_WARN_64_TO_32_BIT_CONVERSION = YES;
				GCC_WARN_ABOUT_RETURN_TYPE = YES_ERROR;
				GCC_WARN_UNDECLARED_SELECTOR = YES;
				GCC_WARN_UNINITIALIZED_AUTOS = YES_AGGRESSIVE;
				GCC_WARN_UNUSED_FUNCTION = YES;
				GCC_WARN_UNUSED_VARIABLE = YES;
				IPHONEOS_DEPLOYMENT_TARGET = 16.2;
				MTL_ENABLE_DEBUG_INFO = INCLUDE_SOURCE;
				MTL_FAST_MATH = YES;
				ONLY_ACTIVE_ARCH = YES;
				SDKROOT = iphoneos;
				SWIFT_ACTIVE_COMPILATION_CONDITIONS = DEBUG;
				SWIFT_OPTIMIZATION_LEVEL = "-Onone";
			};
			name = Debug;
		};
		A7A930E0299D14F700FCCF09 /* Release */ = {
			isa = XCBuildConfiguration;
			buildSettings = {
				ALWAYS_SEARCH_USER_PATHS = NO;
				CLANG_ANALYZER_NONNULL = YES;
				CLANG_ANALYZER_NUMBER_OBJECT_CONVERSION = YES_AGGRESSIVE;
				CLANG_CXX_LANGUAGE_STANDARD = "gnu++20";
				CLANG_ENABLE_MODULES = YES;
				CLANG_ENABLE_OBJC_ARC = YES;
				CLANG_ENABLE_OBJC_WEAK = YES;
				CLANG_WARN_BLOCK_CAPTURE_AUTORELEASING = YES;
				CLANG_WARN_BOOL_CONVERSION = YES;
				CLANG_WARN_COMMA = YES;
				CLANG_WARN_CONSTANT_CONVERSION = YES;
				CLANG_WARN_DEPRECATED_OBJC_IMPLEMENTATIONS = YES;
				CLANG_WARN_DIRECT_OBJC_ISA_USAGE = YES_ERROR;
				CLANG_WARN_DOCUMENTATION_COMMENTS = YES;
				CLANG_WARN_EMPTY_BODY = YES;
				CLANG_WARN_ENUM_CONVERSION = YES;
				CLANG_WARN_INFINITE_RECURSION = YES;
				CLANG_WARN_INT_CONVERSION = YES;
				CLANG_WARN_NON_LITERAL_NULL_CONVERSION = YES;
				CLANG_WARN_OBJC_IMPLICIT_RETAIN_SELF = YES;
				CLANG_WARN_OBJC_LITERAL_CONVERSION = YES;
				CLANG_WARN_OBJC_ROOT_CLASS = YES_ERROR;
				CLANG_WARN_QUOTED_INCLUDE_IN_FRAMEWORK_HEADER = YES;
				CLANG_WARN_RANGE_LOOP_ANALYSIS = YES;
				CLANG_WARN_STRICT_PROTOTYPES = YES;
				CLANG_WARN_SUSPICIOUS_MOVE = YES;
				CLANG_WARN_UNGUARDED_AVAILABILITY = YES_AGGRESSIVE;
				CLANG_WARN_UNREACHABLE_CODE = YES;
				CLANG_WARN__DUPLICATE_METHOD_MATCH = YES;
				COPY_PHASE_STRIP = NO;
				DEBUG_INFORMATION_FORMAT = "dwarf-with-dsym";
				ENABLE_NS_ASSERTIONS = NO;
				ENABLE_STRICT_OBJC_MSGSEND = YES;
				GCC_C_LANGUAGE_STANDARD = gnu11;
				GCC_NO_COMMON_BLOCKS = YES;
				GCC_WARN_64_TO_32_BIT_CONVERSION = YES;
				GCC_WARN_ABOUT_RETURN_TYPE = YES_ERROR;
				GCC_WARN_UNDECLARED_SELECTOR = YES;
				GCC_WARN_UNINITIALIZED_AUTOS = YES_AGGRESSIVE;
				GCC_WARN_UNUSED_FUNCTION = YES;
				GCC_WARN_UNUSED_VARIABLE = YES;
				IPHONEOS_DEPLOYMENT_TARGET = 16.2;
				MTL_ENABLE_DEBUG_INFO = NO;
				MTL_FAST_MATH = YES;
				SDKROOT = iphoneos;
				SWIFT_COMPILATION_MODE = wholemodule;
				SWIFT_OPTIMIZATION_LEVEL = "-O";
				VALIDATE_PRODUCT = YES;
			};
			name = Release;
		};
		A7A930E2299D14F700FCCF09 /* Debug */ = {
			isa = XCBuildConfiguration;
			buildSettings = {
				ASSETCATALOG_COMPILER_APPICON_NAME = AppIcon;
				ASSETCATALOG_COMPILER_GLOBAL_ACCENT_COLOR_NAME = AccentColor;
				CODE_SIGN_STYLE = Automatic;
				CURRENT_PROJECT_VERSION = 1;
				DEVELOPMENT_ASSET_PATHS = "\"MyMovieDB/Preview Content\"";
				DEVELOPMENT_TEAM = PP53L4JAC6;
				ENABLE_PREVIEWS = YES;
				GENERATE_INFOPLIST_FILE = YES;
				INFOPLIST_KEY_UIApplicationSceneManifest_Generation = YES;
				INFOPLIST_KEY_UIApplicationSupportsIndirectInputEvents = YES;
				INFOPLIST_KEY_UILaunchScreen_Generation = YES;
				INFOPLIST_KEY_UISupportedInterfaceOrientations_iPad = "UIInterfaceOrientationPortrait UIInterfaceOrientationPortraitUpsideDown UIInterfaceOrientationLandscapeLeft UIInterfaceOrientationLandscapeRight";
				INFOPLIST_KEY_UISupportedInterfaceOrientations_iPhone = "UIInterfaceOrientationPortrait UIInterfaceOrientationLandscapeLeft UIInterfaceOrientationLandscapeRight";
				LD_RUNPATH_SEARCH_PATHS = (
					"$(inherited)",
					"@executable_path/Frameworks",
				);
				MARKETING_VERSION = 1.0;
				PRODUCT_BUNDLE_IDENTIFIER = com.Drelon.MyMovieDB;
				PRODUCT_NAME = "$(TARGET_NAME)";
				SWIFT_EMIT_LOC_STRINGS = YES;
				SWIFT_VERSION = 5.0;
				TARGETED_DEVICE_FAMILY = "1,2";
			};
			name = Debug;
		};
		A7A930E3299D14F700FCCF09 /* Release */ = {
			isa = XCBuildConfiguration;
			buildSettings = {
				ASSETCATALOG_COMPILER_APPICON_NAME = AppIcon;
				ASSETCATALOG_COMPILER_GLOBAL_ACCENT_COLOR_NAME = AccentColor;
				CODE_SIGN_STYLE = Automatic;
				CURRENT_PROJECT_VERSION = 1;
				DEVELOPMENT_ASSET_PATHS = "\"MyMovieDB/Preview Content\"";
				DEVELOPMENT_TEAM = PP53L4JAC6;
				ENABLE_PREVIEWS = YES;
				GENERATE_INFOPLIST_FILE = YES;
				INFOPLIST_KEY_UIApplicationSceneManifest_Generation = YES;
				INFOPLIST_KEY_UIApplicationSupportsIndirectInputEvents = YES;
				INFOPLIST_KEY_UILaunchScreen_Generation = YES;
				INFOPLIST_KEY_UISupportedInterfaceOrientations_iPad = "UIInterfaceOrientationPortrait UIInterfaceOrientationPortraitUpsideDown UIInterfaceOrientationLandscapeLeft UIInterfaceOrientationLandscapeRight";
				INFOPLIST_KEY_UISupportedInterfaceOrientations_iPhone = "UIInterfaceOrientationPortrait UIInterfaceOrientationLandscapeLeft UIInterfaceOrientationLandscapeRight";
				LD_RUNPATH_SEARCH_PATHS = (
					"$(inherited)",
					"@executable_path/Frameworks",
				);
				MARKETING_VERSION = 1.0;
				PRODUCT_BUNDLE_IDENTIFIER = com.Drelon.MyMovieDB;
				PRODUCT_NAME = "$(TARGET_NAME)";
				SWIFT_EMIT_LOC_STRINGS = YES;
				SWIFT_VERSION = 5.0;
				TARGETED_DEVICE_FAMILY = "1,2";
			};
			name = Release;
		};
/* End XCBuildConfiguration section */

/* Begin XCConfigurationList section */
		A7A930CE299D14F600FCCF09 /* Build configuration list for PBXProject "MyMovieDB" */ = {
			isa = XCConfigurationList;
			buildConfigurations = (
				A7A930DF299D14F700FCCF09 /* Debug */,
				A7A930E0299D14F700FCCF09 /* Release */,
			);
			defaultConfigurationIsVisible = 0;
			defaultConfigurationName = Release;
		};
		A7A930E1299D14F700FCCF09 /* Build configuration list for PBXNativeTarget "MyMovieDB" */ = {
			isa = XCConfigurationList;
			buildConfigurations = (
				A7A930E2299D14F700FCCF09 /* Debug */,
				A7A930E3299D14F700FCCF09 /* Release */,
			);
			defaultConfigurationIsVisible = 0;
			defaultConfigurationName = Release;
		};
/* End XCConfigurationList section */

/* Begin XCRemoteSwiftPackageReference section */
		A7A930E6299D181C00FCCF09 /* XCRemoteSwiftPackageReference "Kingfisher" */ = {
			isa = XCRemoteSwiftPackageReference;
			repositoryURL = "https://github.com/onevcat/Kingfisher";
			requirement = {
				kind = upToNextMajorVersion;
				minimumVersion = 7.0.0;
			};
		};
/* End XCRemoteSwiftPackageReference section */

/* Begin XCSwiftPackageProductDependency section */
		A7A930E7299D181C00FCCF09 /* Kingfisher */ = {
			isa = XCSwiftPackageProductDependency;
			package = A7A930E6299D181C00FCCF09 /* XCRemoteSwiftPackageReference "Kingfisher" */;
			productName = Kingfisher;
		};
/* End XCSwiftPackageProductDependency section */
	};
	rootObject = A7A930CB299D14F600FCCF09 /* Project object */;
}
